// !$*UTF8*$!
{
	archiveVersion = 1;
	classes = {
	};
	objectVersion = 50;
	objects = {

/* Begin PBXBuildFile section */
		7A0FA3E626DE5164002729A4 /* Power_UpApp.swift in Sources */ = {isa = PBXBuildFile; fileRef = 7A0FA3E526DE5164002729A4 /* Power_UpApp.swift */; };
		7A0FA3E826DE5164002729A4 /* ContentView.swift in Sources */ = {isa = PBXBuildFile; fileRef = 7A0FA3E726DE5164002729A4 /* ContentView.swift */; };
		7A0FA3EA26DE5165002729A4 /* Assets.xcassets in Resources */ = {isa = PBXBuildFile; fileRef = 7A0FA3E926DE5165002729A4 /* Assets.xcassets */; };
		7A0FA3ED26DE5165002729A4 /* Preview Assets.xcassets in Resources */ = {isa = PBXBuildFile; fileRef = 7A0FA3EC26DE5165002729A4 /* Preview Assets.xcassets */; };
		7A0FA3F826DE5165002729A4 /* Power_UpTests.swift in Sources */ = {isa = PBXBuildFile; fileRef = 7A0FA3F726DE5165002729A4 /* Power_UpTests.swift */; };
		7A0FA40326DE5165002729A4 /* Power_UpUITests.swift in Sources */ = {isa = PBXBuildFile; fileRef = 7A0FA40226DE5165002729A4 /* Power_UpUITests.swift */; };
		7A0FA40826DE5165002729A4 /* Power-Up WatchKit App.app in Embed Watch Content */ = {isa = PBXBuildFile; fileRef = 7A0FA40726DE5165002729A4 /* Power-Up WatchKit App.app */; settings = {ATTRIBUTES = (RemoveHeadersOnCopy, ); }; };
		7A0FA40D26DE5166002729A4 /* Assets.xcassets in Resources */ = {isa = PBXBuildFile; fileRef = 7A0FA40C26DE5166002729A4 /* Assets.xcassets */; };
		7A0FA41426DE5167002729A4 /* Power-Up WatchKit Extension.appex in Embed App Extensions */ = {isa = PBXBuildFile; fileRef = 7A0FA41326DE5167002729A4 /* Power-Up WatchKit Extension.appex */; settings = {ATTRIBUTES = (RemoveHeadersOnCopy, ); }; };
		7A0FA41926DE5167002729A4 /* Power_UpApp.swift in Sources */ = {isa = PBXBuildFile; fileRef = 7A0FA41826DE5167002729A4 /* Power_UpApp.swift */; };
		7A0FA41B26DE5167002729A4 /* ContentView.swift in Sources */ = {isa = PBXBuildFile; fileRef = 7A0FA41A26DE5167002729A4 /* ContentView.swift */; };
		7A0FA41D26DE5167002729A4 /* NotificationController.swift in Sources */ = {isa = PBXBuildFile; fileRef = 7A0FA41C26DE5167002729A4 /* NotificationController.swift */; };
		7A0FA41F26DE5167002729A4 /* NotificationView.swift in Sources */ = {isa = PBXBuildFile; fileRef = 7A0FA41E26DE5167002729A4 /* NotificationView.swift */; };
		7A0FA42126DE5167002729A4 /* ComplicationController.swift in Sources */ = {isa = PBXBuildFile; fileRef = 7A0FA42026DE5167002729A4 /* ComplicationController.swift */; };
		7A0FA42326DE5167002729A4 /* Assets.xcassets in Resources */ = {isa = PBXBuildFile; fileRef = 7A0FA42226DE5167002729A4 /* Assets.xcassets */; };
		7A0FA42626DE5167002729A4 /* Preview Assets.xcassets in Resources */ = {isa = PBXBuildFile; fileRef = 7A0FA42526DE5167002729A4 /* Preview Assets.xcassets */; };
/* End PBXBuildFile section */

/* Begin PBXContainerItemProxy section */
		7A0FA3F426DE5165002729A4 /* PBXContainerItemProxy */ = {
			isa = PBXContainerItemProxy;
			containerPortal = 7A0FA3DA26DE5164002729A4 /* Project object */;
			proxyType = 1;
			remoteGlobalIDString = 7A0FA3E126DE5164002729A4;
			remoteInfo = "Power-Up";
		};
		7A0FA3FF26DE5165002729A4 /* PBXContainerItemProxy */ = {
			isa = PBXContainerItemProxy;
			containerPortal = 7A0FA3DA26DE5164002729A4 /* Project object */;
			proxyType = 1;
			remoteGlobalIDString = 7A0FA3E126DE5164002729A4;
			remoteInfo = "Power-Up";
		};
		7A0FA40926DE5165002729A4 /* PBXContainerItemProxy */ = {
			isa = PBXContainerItemProxy;
			containerPortal = 7A0FA3DA26DE5164002729A4 /* Project object */;
			proxyType = 1;
			remoteGlobalIDString = 7A0FA40626DE5165002729A4;
			remoteInfo = "Power-Up WatchKit App";
		};
		7A0FA41526DE5167002729A4 /* PBXContainerItemProxy */ = {
			isa = PBXContainerItemProxy;
			containerPortal = 7A0FA3DA26DE5164002729A4 /* Project object */;
			proxyType = 1;
			remoteGlobalIDString = 7A0FA41226DE5167002729A4;
			remoteInfo = "Power-Up WatchKit Extension";
		};
/* End PBXContainerItemProxy section */

/* Begin PBXCopyFilesBuildPhase section */
		7A0FA42E26DE5167002729A4 /* Embed App Extensions */ = {
			isa = PBXCopyFilesBuildPhase;
			buildActionMask = 2147483647;
			dstPath = "";
			dstSubfolderSpec = 13;
			files = (
				7A0FA41426DE5167002729A4 /* Power-Up WatchKit Extension.appex in Embed App Extensions */,
			);
			name = "Embed App Extensions";
			runOnlyForDeploymentPostprocessing = 0;
		};
		7A0FA43226DE5167002729A4 /* Embed Watch Content */ = {
			isa = PBXCopyFilesBuildPhase;
			buildActionMask = 2147483647;
			dstPath = "$(CONTENTS_FOLDER_PATH)/Watch";
			dstSubfolderSpec = 16;
			files = (
				7A0FA40826DE5165002729A4 /* Power-Up WatchKit App.app in Embed Watch Content */,
			);
			name = "Embed Watch Content";
			runOnlyForDeploymentPostprocessing = 0;
		};
/* End PBXCopyFilesBuildPhase section */

/* Begin PBXFileReference section */
		7A0FA3E226DE5164002729A4 /* Power-Up.app */ = {isa = PBXFileReference; explicitFileType = wrapper.application; includeInIndex = 0; path = "Power-Up.app"; sourceTree = BUILT_PRODUCTS_DIR; };
		7A0FA3E526DE5164002729A4 /* Power_UpApp.swift */ = {isa = PBXFileReference; lastKnownFileType = sourcecode.swift; path = Power_UpApp.swift; sourceTree = "<group>"; };
		7A0FA3E726DE5164002729A4 /* ContentView.swift */ = {isa = PBXFileReference; lastKnownFileType = sourcecode.swift; path = ContentView.swift; sourceTree = "<group>"; };
		7A0FA3E926DE5165002729A4 /* Assets.xcassets */ = {isa = PBXFileReference; lastKnownFileType = folder.assetcatalog; path = Assets.xcassets; sourceTree = "<group>"; };
		7A0FA3EC26DE5165002729A4 /* Preview Assets.xcassets */ = {isa = PBXFileReference; lastKnownFileType = folder.assetcatalog; path = "Preview Assets.xcassets"; sourceTree = "<group>"; };
		7A0FA3EE26DE5165002729A4 /* Info.plist */ = {isa = PBXFileReference; lastKnownFileType = text.plist.xml; path = Info.plist; sourceTree = "<group>"; };
		7A0FA3F326DE5165002729A4 /* Power-UpTests.xctest */ = {isa = PBXFileReference; explicitFileType = wrapper.cfbundle; includeInIndex = 0; path = "Power-UpTests.xctest"; sourceTree = BUILT_PRODUCTS_DIR; };
		7A0FA3F726DE5165002729A4 /* Power_UpTests.swift */ = {isa = PBXFileReference; lastKnownFileType = sourcecode.swift; path = Power_UpTests.swift; sourceTree = "<group>"; };
		7A0FA3F926DE5165002729A4 /* Info.plist */ = {isa = PBXFileReference; lastKnownFileType = text.plist.xml; path = Info.plist; sourceTree = "<group>"; };
		7A0FA3FE26DE5165002729A4 /* Power-UpUITests.xctest */ = {isa = PBXFileReference; explicitFileType = wrapper.cfbundle; includeInIndex = 0; path = "Power-UpUITests.xctest"; sourceTree = BUILT_PRODUCTS_DIR; };
		7A0FA40226DE5165002729A4 /* Power_UpUITests.swift */ = {isa = PBXFileReference; lastKnownFileType = sourcecode.swift; path = Power_UpUITests.swift; sourceTree = "<group>"; };
		7A0FA40426DE5165002729A4 /* Info.plist */ = {isa = PBXFileReference; lastKnownFileType = text.plist.xml; path = Info.plist; sourceTree = "<group>"; };
		7A0FA40726DE5165002729A4 /* Power-Up WatchKit App.app */ = {isa = PBXFileReference; explicitFileType = wrapper.application; includeInIndex = 0; path = "Power-Up WatchKit App.app"; sourceTree = BUILT_PRODUCTS_DIR; };
		7A0FA40C26DE5166002729A4 /* Assets.xcassets */ = {isa = PBXFileReference; lastKnownFileType = folder.assetcatalog; path = Assets.xcassets; sourceTree = "<group>"; };
		7A0FA40E26DE5166002729A4 /* Info.plist */ = {isa = PBXFileReference; lastKnownFileType = text.plist.xml; path = Info.plist; sourceTree = "<group>"; };
		7A0FA41326DE5167002729A4 /* Power-Up WatchKit Extension.appex */ = {isa = PBXFileReference; explicitFileType = "wrapper.app-extension"; includeInIndex = 0; path = "Power-Up WatchKit Extension.appex"; sourceTree = BUILT_PRODUCTS_DIR; };
		7A0FA41826DE5167002729A4 /* Power_UpApp.swift */ = {isa = PBXFileReference; lastKnownFileType = sourcecode.swift; path = Power_UpApp.swift; sourceTree = "<group>"; };
		7A0FA41A26DE5167002729A4 /* ContentView.swift */ = {isa = PBXFileReference; lastKnownFileType = sourcecode.swift; path = ContentView.swift; sourceTree = "<group>"; };
		7A0FA41C26DE5167002729A4 /* NotificationController.swift */ = {isa = PBXFileReference; lastKnownFileType = sourcecode.swift; path = NotificationController.swift; sourceTree = "<group>"; };
		7A0FA41E26DE5167002729A4 /* NotificationView.swift */ = {isa = PBXFileReference; lastKnownFileType = sourcecode.swift; path = NotificationView.swift; sourceTree = "<group>"; };
		7A0FA42026DE5167002729A4 /* ComplicationController.swift */ = {isa = PBXFileReference; lastKnownFileType = sourcecode.swift; path = ComplicationController.swift; sourceTree = "<group>"; };
		7A0FA42226DE5167002729A4 /* Assets.xcassets */ = {isa = PBXFileReference; lastKnownFileType = folder.assetcatalog; path = Assets.xcassets; sourceTree = "<group>"; };
		7A0FA42526DE5167002729A4 /* Preview Assets.xcassets */ = {isa = PBXFileReference; lastKnownFileType = folder.assetcatalog; path = "Preview Assets.xcassets"; sourceTree = "<group>"; };
		7A0FA42726DE5167002729A4 /* Info.plist */ = {isa = PBXFileReference; lastKnownFileType = text.plist.xml; path = Info.plist; sourceTree = "<group>"; };
		7A0FA42826DE5167002729A4 /* PushNotificationPayload.apns */ = {isa = PBXFileReference; lastKnownFileType = text; path = PushNotificationPayload.apns; sourceTree = "<group>"; };
/* End PBXFileReference section */

/* Begin PBXFrameworksBuildPhase section */
		7A0FA3DF26DE5164002729A4 /* Frameworks */ = {
			isa = PBXFrameworksBuildPhase;
			buildActionMask = 2147483647;
			files = (
			);
			runOnlyForDeploymentPostprocessing = 0;
		};
		7A0FA3F026DE5165002729A4 /* Frameworks */ = {
			isa = PBXFrameworksBuildPhase;
			buildActionMask = 2147483647;
			files = (
			);
			runOnlyForDeploymentPostprocessing = 0;
		};
		7A0FA3FB26DE5165002729A4 /* Frameworks */ = {
			isa = PBXFrameworksBuildPhase;
			buildActionMask = 2147483647;
			files = (
			);
			runOnlyForDeploymentPostprocessing = 0;
		};
		7A0FA41026DE5167002729A4 /* Frameworks */ = {
			isa = PBXFrameworksBuildPhase;
			buildActionMask = 2147483647;
			files = (
			);
			runOnlyForDeploymentPostprocessing = 0;
		};
/* End PBXFrameworksBuildPhase section */

/* Begin PBXGroup section */
		7A0FA3D926DE5164002729A4 = {
			isa = PBXGroup;
			children = (
				7A0FA3E426DE5164002729A4 /* Power-Up */,
				7A0FA3F626DE5165002729A4 /* Power-UpTests */,
				7A0FA40126DE5165002729A4 /* Power-UpUITests */,
				7A0FA40B26DE5166002729A4 /* Power-Up WatchKit App */,
				7A0FA41726DE5167002729A4 /* Power-Up WatchKit Extension */,
				7A0FA3E326DE5164002729A4 /* Products */,
			);
			sourceTree = "<group>";
		};
		7A0FA3E326DE5164002729A4 /* Products */ = {
			isa = PBXGroup;
			children = (
				7A0FA3E226DE5164002729A4 /* Power-Up.app */,
				7A0FA3F326DE5165002729A4 /* Power-UpTests.xctest */,
				7A0FA3FE26DE5165002729A4 /* Power-UpUITests.xctest */,
				7A0FA40726DE5165002729A4 /* Power-Up WatchKit App.app */,
				7A0FA41326DE5167002729A4 /* Power-Up WatchKit Extension.appex */,
			);
			name = Products;
			sourceTree = "<group>";
		};
		7A0FA3E426DE5164002729A4 /* Power-Up */ = {
			isa = PBXGroup;
			children = (
				7A0FA3E526DE5164002729A4 /* Power_UpApp.swift */,
				7A0FA3E726DE5164002729A4 /* ContentView.swift */,
				7A0FA3E926DE5165002729A4 /* Assets.xcassets */,
				7A0FA3EE26DE5165002729A4 /* Info.plist */,
				7A0FA3EB26DE5165002729A4 /* Preview Content */,
			);
			path = "Power-Up";
			sourceTree = "<group>";
		};
		7A0FA3EB26DE5165002729A4 /* Preview Content */ = {
			isa = PBXGroup;
			children = (
				7A0FA3EC26DE5165002729A4 /* Preview Assets.xcassets */,
			);
			path = "Preview Content";
			sourceTree = "<group>";
		};
		7A0FA3F626DE5165002729A4 /* Power-UpTests */ = {
			isa = PBXGroup;
			children = (
				7A0FA3F726DE5165002729A4 /* Power_UpTests.swift */,
				7A0FA3F926DE5165002729A4 /* Info.plist */,
			);
			path = "Power-UpTests";
			sourceTree = "<group>";
		};
		7A0FA40126DE5165002729A4 /* Power-UpUITests */ = {
			isa = PBXGroup;
			children = (
				7A0FA40226DE5165002729A4 /* Power_UpUITests.swift */,
				7A0FA40426DE5165002729A4 /* Info.plist */,
			);
			path = "Power-UpUITests";
			sourceTree = "<group>";
		};
		7A0FA40B26DE5166002729A4 /* Power-Up WatchKit App */ = {
			isa = PBXGroup;
			children = (
				7A0FA40C26DE5166002729A4 /* Assets.xcassets */,
				7A0FA40E26DE5166002729A4 /* Info.plist */,
			);
			path = "Power-Up WatchKit App";
			sourceTree = "<group>";
		};
		7A0FA41726DE5167002729A4 /* Power-Up WatchKit Extension */ = {
			isa = PBXGroup;
			children = (
				7A0FA41826DE5167002729A4 /* Power_UpApp.swift */,
				7A0FA41A26DE5167002729A4 /* ContentView.swift */,
				7A0FA41C26DE5167002729A4 /* NotificationController.swift */,
				7A0FA41E26DE5167002729A4 /* NotificationView.swift */,
				7A0FA42026DE5167002729A4 /* ComplicationController.swift */,
				7A0FA42226DE5167002729A4 /* Assets.xcassets */,
				7A0FA42726DE5167002729A4 /* Info.plist */,
				7A0FA42826DE5167002729A4 /* PushNotificationPayload.apns */,
				7A0FA42426DE5167002729A4 /* Preview Content */,
			);
			path = "Power-Up WatchKit Extension";
			sourceTree = "<group>";
		};
		7A0FA42426DE5167002729A4 /* Preview Content */ = {
			isa = PBXGroup;
			children = (
				7A0FA42526DE5167002729A4 /* Preview Assets.xcassets */,
			);
			path = "Preview Content";
			sourceTree = "<group>";
		};
/* End PBXGroup section */

/* Begin PBXNativeTarget section */
		7A0FA3E126DE5164002729A4 /* Power-Up */ = {
			isa = PBXNativeTarget;
			buildConfigurationList = 7A0FA43326DE5167002729A4 /* Build configuration list for PBXNativeTarget "Power-Up" */;
			buildPhases = (
				7A0FA3DE26DE5164002729A4 /* Sources */,
				7A0FA3DF26DE5164002729A4 /* Frameworks */,
				7A0FA3E026DE5164002729A4 /* Resources */,
				7A0FA43226DE5167002729A4 /* Embed Watch Content */,
			);
			buildRules = (
			);
			dependencies = (
				7A0FA40A26DE5165002729A4 /* PBXTargetDependency */,
			);
			name = "Power-Up";
			productName = "Power-Up";
			productReference = 7A0FA3E226DE5164002729A4 /* Power-Up.app */;
			productType = "com.apple.product-type.application";
		};
		7A0FA3F226DE5165002729A4 /* Power-UpTests */ = {
			isa = PBXNativeTarget;
			buildConfigurationList = 7A0FA43626DE5167002729A4 /* Build configuration list for PBXNativeTarget "Power-UpTests" */;
			buildPhases = (
				7A0FA3EF26DE5165002729A4 /* Sources */,
				7A0FA3F026DE5165002729A4 /* Frameworks */,
				7A0FA3F126DE5165002729A4 /* Resources */,
			);
			buildRules = (
			);
			dependencies = (
				7A0FA3F526DE5165002729A4 /* PBXTargetDependency */,
			);
			name = "Power-UpTests";
			productName = "Power-UpTests";
			productReference = 7A0FA3F326DE5165002729A4 /* Power-UpTests.xctest */;
			productType = "com.apple.product-type.bundle.unit-test";
		};
		7A0FA3FD26DE5165002729A4 /* Power-UpUITests */ = {
			isa = PBXNativeTarget;
			buildConfigurationList = 7A0FA43926DE5167002729A4 /* Build configuration list for PBXNativeTarget "Power-UpUITests" */;
			buildPhases = (
				7A0FA3FA26DE5165002729A4 /* Sources */,
				7A0FA3FB26DE5165002729A4 /* Frameworks */,
				7A0FA3FC26DE5165002729A4 /* Resources */,
			);
			buildRules = (
			);
			dependencies = (
				7A0FA40026DE5165002729A4 /* PBXTargetDependency */,
			);
			name = "Power-UpUITests";
			productName = "Power-UpUITests";
			productReference = 7A0FA3FE26DE5165002729A4 /* Power-UpUITests.xctest */;
			productType = "com.apple.product-type.bundle.ui-testing";
		};
		7A0FA40626DE5165002729A4 /* Power-Up WatchKit App */ = {
			isa = PBXNativeTarget;
			buildConfigurationList = 7A0FA42F26DE5167002729A4 /* Build configuration list for PBXNativeTarget "Power-Up WatchKit App" */;
			buildPhases = (
				7A0FA40526DE5165002729A4 /* Resources */,
				7A0FA42E26DE5167002729A4 /* Embed App Extensions */,
			);
			buildRules = (
			);
			dependencies = (
				7A0FA41626DE5167002729A4 /* PBXTargetDependency */,
			);
			name = "Power-Up WatchKit App";
			productName = "Power-Up WatchKit App";
			productReference = 7A0FA40726DE5165002729A4 /* Power-Up WatchKit App.app */;
			productType = "com.apple.product-type.application.watchapp2";
		};
		7A0FA41226DE5167002729A4 /* Power-Up WatchKit Extension */ = {
			isa = PBXNativeTarget;
			buildConfigurationList = 7A0FA42B26DE5167002729A4 /* Build configuration list for PBXNativeTarget "Power-Up WatchKit Extension" */;
			buildPhases = (
				7A0FA40F26DE5167002729A4 /* Sources */,
				7A0FA41026DE5167002729A4 /* Frameworks */,
				7A0FA41126DE5167002729A4 /* Resources */,
			);
			buildRules = (
			);
			dependencies = (
			);
			name = "Power-Up WatchKit Extension";
			productName = "Power-Up WatchKit Extension";
			productReference = 7A0FA41326DE5167002729A4 /* Power-Up WatchKit Extension.appex */;
			productType = "com.apple.product-type.watchkit2-extension";
		};
/* End PBXNativeTarget section */

/* Begin PBXProject section */
		7A0FA3DA26DE5164002729A4 /* Project object */ = {
			isa = PBXProject;
			attributes = {
				LastSwiftUpdateCheck = 1240;
				LastUpgradeCheck = 1240;
				TargetAttributes = {
					7A0FA3E126DE5164002729A4 = {
						CreatedOnToolsVersion = 12.4;
					};
					7A0FA3F226DE5165002729A4 = {
						CreatedOnToolsVersion = 12.4;
						TestTargetID = 7A0FA3E126DE5164002729A4;
					};
					7A0FA3FD26DE5165002729A4 = {
						CreatedOnToolsVersion = 12.4;
						TestTargetID = 7A0FA3E126DE5164002729A4;
					};
					7A0FA40626DE5165002729A4 = {
						CreatedOnToolsVersion = 12.4;
					};
					7A0FA41226DE5167002729A4 = {
						CreatedOnToolsVersion = 12.4;
					};
				};
			};
			buildConfigurationList = 7A0FA3DD26DE5164002729A4 /* Build configuration list for PBXProject "Power-Up" */;
			compatibilityVersion = "Xcode 9.3";
			developmentRegion = en;
			hasScannedForEncodings = 0;
			knownRegions = (
				en,
				Base,
			);
			mainGroup = 7A0FA3D926DE5164002729A4;
			productRefGroup = 7A0FA3E326DE5164002729A4 /* Products */;
			projectDirPath = "";
			projectRoot = "";
			targets = (
				7A0FA3E126DE5164002729A4 /* Power-Up */,
				7A0FA3F226DE5165002729A4 /* Power-UpTests */,
				7A0FA3FD26DE5165002729A4 /* Power-UpUITests */,
				7A0FA40626DE5165002729A4 /* Power-Up WatchKit App */,
				7A0FA41226DE5167002729A4 /* Power-Up WatchKit Extension */,
			);
		};
/* End PBXProject section */

/* Begin PBXResourcesBuildPhase section */
		7A0FA3E026DE5164002729A4 /* Resources */ = {
			isa = PBXResourcesBuildPhase;
			buildActionMask = 2147483647;
			files = (
				7A0FA3ED26DE5165002729A4 /* Preview Assets.xcassets in Resources */,
				7A0FA3EA26DE5165002729A4 /* Assets.xcassets in Resources */,
			);
			runOnlyForDeploymentPostprocessing = 0;
		};
		7A0FA3F126DE5165002729A4 /* Resources */ = {
			isa = PBXResourcesBuildPhase;
			buildActionMask = 2147483647;
			files = (
			);
			runOnlyForDeploymentPostprocessing = 0;
		};
		7A0FA3FC26DE5165002729A4 /* Resources */ = {
			isa = PBXResourcesBuildPhase;
			buildActionMask = 2147483647;
			files = (
			);
			runOnlyForDeploymentPostprocessing = 0;
		};
		7A0FA40526DE5165002729A4 /* Resources */ = {
			isa = PBXResourcesBuildPhase;
			buildActionMask = 2147483647;
			files = (
				7A0FA40D26DE5166002729A4 /* Assets.xcassets in Resources */,
			);
			runOnlyForDeploymentPostprocessing = 0;
		};
		7A0FA41126DE5167002729A4 /* Resources */ = {
			isa = PBXResourcesBuildPhase;
			buildActionMask = 2147483647;
			files = (
				7A0FA42626DE5167002729A4 /* Preview Assets.xcassets in Resources */,
				7A0FA42326DE5167002729A4 /* Assets.xcassets in Resources */,
			);
			runOnlyForDeploymentPostprocessing = 0;
		};
/* End PBXResourcesBuildPhase section */

/* Begin PBXSourcesBuildPhase section */
		7A0FA3DE26DE5164002729A4 /* Sources */ = {
			isa = PBXSourcesBuildPhase;
			buildActionMask = 2147483647;
			files = (
				7A0FA3E826DE5164002729A4 /* ContentView.swift in Sources */,
				7A0FA3E626DE5164002729A4 /* Power_UpApp.swift in Sources */,
			);
			runOnlyForDeploymentPostprocessing = 0;
		};
		7A0FA3EF26DE5165002729A4 /* Sources */ = {
			isa = PBXSourcesBuildPhase;
			buildActionMask = 2147483647;
			files = (
				7A0FA3F826DE5165002729A4 /* Power_UpTests.swift in Sources */,
			);
			runOnlyForDeploymentPostprocessing = 0;
		};
		7A0FA3FA26DE5165002729A4 /* Sources */ = {
			isa = PBXSourcesBuildPhase;
			buildActionMask = 2147483647;
			files = (
				7A0FA40326DE5165002729A4 /* Power_UpUITests.swift in Sources */,
			);
			runOnlyForDeploymentPostprocessing = 0;
		};
		7A0FA40F26DE5167002729A4 /* Sources */ = {
			isa = PBXSourcesBuildPhase;
			buildActionMask = 2147483647;
			files = (
				7A0FA41D26DE5167002729A4 /* NotificationController.swift in Sources */,
				7A0FA41B26DE5167002729A4 /* ContentView.swift in Sources */,
				7A0FA42126DE5167002729A4 /* ComplicationController.swift in Sources */,
				7A0FA41926DE5167002729A4 /* Power_UpApp.swift in Sources */,
				7A0FA41F26DE5167002729A4 /* NotificationView.swift in Sources */,
			);
			runOnlyForDeploymentPostprocessing = 0;
		};
/* End PBXSourcesBuildPhase section */

/* Begin PBXTargetDependency section */
		7A0FA3F526DE5165002729A4 /* PBXTargetDependency */ = {
			isa = PBXTargetDependency;
			target = 7A0FA3E126DE5164002729A4 /* Power-Up */;
			targetProxy = 7A0FA3F426DE5165002729A4 /* PBXContainerItemProxy */;
		};
		7A0FA40026DE5165002729A4 /* PBXTargetDependency */ = {
			isa = PBXTargetDependency;
			target = 7A0FA3E126DE5164002729A4 /* Power-Up */;
			targetProxy = 7A0FA3FF26DE5165002729A4 /* PBXContainerItemProxy */;
		};
		7A0FA40A26DE5165002729A4 /* PBXTargetDependency */ = {
			isa = PBXTargetDependency;
			target = 7A0FA40626DE5165002729A4 /* Power-Up WatchKit App */;
			targetProxy = 7A0FA40926DE5165002729A4 /* PBXContainerItemProxy */;
		};
		7A0FA41626DE5167002729A4 /* PBXTargetDependency */ = {
			isa = PBXTargetDependency;
			target = 7A0FA41226DE5167002729A4 /* Power-Up WatchKit Extension */;
			targetProxy = 7A0FA41526DE5167002729A4 /* PBXContainerItemProxy */;
		};
/* End PBXTargetDependency section */

/* Begin XCBuildConfiguration section */
		7A0FA42926DE5167002729A4 /* Debug */ = {
			isa = XCBuildConfiguration;
			buildSettings = {
				ALWAYS_SEARCH_USER_PATHS = NO;
				CLANG_ANALYZER_NONNULL = YES;
				CLANG_ANALYZER_NUMBER_OBJECT_CONVERSION = YES_AGGRESSIVE;
				CLANG_CXX_LANGUAGE_STANDARD = "gnu++14";
				CLANG_CXX_LIBRARY = "libc++";
				CLANG_ENABLE_MODULES = YES;
				CLANG_ENABLE_OBJC_ARC = YES;
				CLANG_ENABLE_OBJC_WEAK = YES;
				CLANG_WARN_BLOCK_CAPTURE_AUTORELEASING = YES;
				CLANG_WARN_BOOL_CONVERSION = YES;
				CLANG_WARN_COMMA = YES;
				CLANG_WARN_CONSTANT_CONVERSION = YES;
				CLANG_WARN_DEPRECATED_OBJC_IMPLEMENTATIONS = YES;
				CLANG_WARN_DIRECT_OBJC_ISA_USAGE = YES_ERROR;
				CLANG_WARN_DOCUMENTATION_COMMENTS = YES;
				CLANG_WARN_EMPTY_BODY = YES;
				CLANG_WARN_ENUM_CONVERSION = YES;
				CLANG_WARN_INFINITE_RECURSION = YES;
				CLANG_WARN_INT_CONVERSION = YES;
				CLANG_WARN_NON_LITERAL_NULL_CONVERSION = YES;
				CLANG_WARN_OBJC_IMPLICIT_RETAIN_SELF = YES;
				CLANG_WARN_OBJC_LITERAL_CONVERSION = YES;
				CLANG_WARN_OBJC_ROOT_CLASS = YES_ERROR;
				CLANG_WARN_QUOTED_INCLUDE_IN_FRAMEWORK_HEADER = YES;
				CLANG_WARN_RANGE_LOOP_ANALYSIS = YES;
				CLANG_WARN_STRICT_PROTOTYPES = YES;
				CLANG_WARN_SUSPICIOUS_MOVE = YES;
				CLANG_WARN_UNGUARDED_AVAILABILITY = YES_AGGRESSIVE;
				CLANG_WARN_UNREACHABLE_CODE = YES;
				CLANG_WARN__DUPLICATE_METHOD_MATCH = YES;
				COPY_PHASE_STRIP = NO;
				DEBUG_INFORMATION_FORMAT = dwarf;
				ENABLE_STRICT_OBJC_MSGSEND = YES;
				ENABLE_TESTABILITY = YES;
				GCC_C_LANGUAGE_STANDARD = gnu11;
				GCC_DYNAMIC_NO_PIC = NO;
				GCC_NO_COMMON_BLOCKS = YES;
				GCC_OPTIMIZATION_LEVEL = 0;
				GCC_PREPROCESSOR_DEFINITIONS = (
					"DEBUG=1",
					"$(inherited)",
				);
				GCC_WARN_64_TO_32_BIT_CONVERSION = YES;
				GCC_WARN_ABOUT_RETURN_TYPE = YES_ERROR;
				GCC_WARN_UNDECLARED_SELECTOR = YES;
				GCC_WARN_UNINITIALIZED_AUTOS = YES_AGGRESSIVE;
				GCC_WARN_UNUSED_FUNCTION = YES;
				GCC_WARN_UNUSED_VARIABLE = YES;
				MTL_ENABLE_DEBUG_INFO = INCLUDE_SOURCE;
				MTL_FAST_MATH = YES;
				ONLY_ACTIVE_ARCH = YES;
				SWIFT_ACTIVE_COMPILATION_CONDITIONS = DEBUG;
				SWIFT_OPTIMIZATION_LEVEL = "-Onone";
			};
			name = Debug;
		};
		7A0FA42A26DE5167002729A4 /* Release */ = {
			isa = XCBuildConfiguration;
			buildSettings = {
				ALWAYS_SEARCH_USER_PATHS = NO;
				CLANG_ANALYZER_NONNULL = YES;
				CLANG_ANALYZER_NUMBER_OBJECT_CONVERSION = YES_AGGRESSIVE;
				CLANG_CXX_LANGUAGE_STANDARD = "gnu++14";
				CLANG_CXX_LIBRARY = "libc++";
				CLANG_ENABLE_MODULES = YES;
				CLANG_ENABLE_OBJC_ARC = YES;
				CLANG_ENABLE_OBJC_WEAK = YES;
				CLANG_WARN_BLOCK_CAPTURE_AUTORELEASING = YES;
				CLANG_WARN_BOOL_CONVERSION = YES;
				CLANG_WARN_COMMA = YES;
				CLANG_WARN_CONSTANT_CONVERSION = YES;
				CLANG_WARN_DEPRECATED_OBJC_IMPLEMENTATIONS = YES;
				CLANG_WARN_DIRECT_OBJC_ISA_USAGE = YES_ERROR;
				CLANG_WARN_DOCUMENTATION_COMMENTS = YES;
				CLANG_WARN_EMPTY_BODY = YES;
				CLANG_WARN_ENUM_CONVERSION = YES;
				CLANG_WARN_INFINITE_RECURSION = YES;
				CLANG_WARN_INT_CONVERSION = YES;
				CLANG_WARN_NON_LITERAL_NULL_CONVERSION = YES;
				CLANG_WARN_OBJC_IMPLICIT_RETAIN_SELF = YES;
				CLANG_WARN_OBJC_LITERAL_CONVERSION = YES;
				CLANG_WARN_OBJC_ROOT_CLASS = YES_ERROR;
				CLANG_WARN_QUOTED_INCLUDE_IN_FRAMEWORK_HEADER = YES;
				CLANG_WARN_RANGE_LOOP_ANALYSIS = YES;
				CLANG_WARN_STRICT_PROTOTYPES = YES;
				CLANG_WARN_SUSPICIOUS_MOVE = YES;
				CLANG_WARN_UNGUARDED_AVAILABILITY = YES_AGGRESSIVE;
				CLANG_WARN_UNREACHABLE_CODE = YES;
				CLANG_WARN__DUPLICATE_METHOD_MATCH = YES;
				COPY_PHASE_STRIP = NO;
				DEBUG_INFORMATION_FORMAT = "dwarf-with-dsym";
				ENABLE_NS_ASSERTIONS = NO;
				ENABLE_STRICT_OBJC_MSGSEND = YES;
				GCC_C_LANGUAGE_STANDARD = gnu11;
				GCC_NO_COMMON_BLOCKS = YES;
				GCC_WARN_64_TO_32_BIT_CONVERSION = YES;
				GCC_WARN_ABOUT_RETURN_TYPE = YES_ERROR;
				GCC_WARN_UNDECLARED_SELECTOR = YES;
				GCC_WARN_UNINITIALIZED_AUTOS = YES_AGGRESSIVE;
				GCC_WARN_UNUSED_FUNCTION = YES;
				GCC_WARN_UNUSED_VARIABLE = YES;
				MTL_ENABLE_DEBUG_INFO = NO;
				MTL_FAST_MATH = YES;
				SWIFT_COMPILATION_MODE = wholemodule;
				SWIFT_OPTIMIZATION_LEVEL = "-O";
			};
			name = Release;
		};
		7A0FA42C26DE5167002729A4 /* Debug */ = {
			isa = XCBuildConfiguration;
			buildSettings = {
				ASSETCATALOG_COMPILER_COMPLICATION_NAME = Complication;
				CODE_SIGN_STYLE = Automatic;
				DEVELOPMENT_ASSET_PATHS = "\"Power-Up WatchKit Extension/Preview Content\"";
				DEVELOPMENT_TEAM = 5FH5GM8VG4;
				ENABLE_PREVIEWS = YES;
				INFOPLIST_FILE = "Power-Up WatchKit Extension/Info.plist";
				LD_RUNPATH_SEARCH_PATHS = (
					"$(inherited)",
					"@executable_path/Frameworks",
					"@executable_path/../../Frameworks",
				);
				PRODUCT_BUNDLE_IDENTIFIER = "Citryne.Power-Up.watchkitapp.watchkitextension";
				PRODUCT_NAME = "${TARGET_NAME}";
				SDKROOT = watchos;
				SKIP_INSTALL = YES;
				SWIFT_VERSION = 5.0;
				TARGETED_DEVICE_FAMILY = 4;
				WATCHOS_DEPLOYMENT_TARGET = 7.2;
			};
			name = Debug;
		};
		7A0FA42D26DE5167002729A4 /* Release */ = {
			isa = XCBuildConfiguration;
			buildSettings = {
				ASSETCATALOG_COMPILER_COMPLICATION_NAME = Complication;
				CODE_SIGN_STYLE = Automatic;
				DEVELOPMENT_ASSET_PATHS = "\"Power-Up WatchKit Extension/Preview Content\"";
				DEVELOPMENT_TEAM = 5FH5GM8VG4;
				ENABLE_PREVIEWS = YES;
				INFOPLIST_FILE = "Power-Up WatchKit Extension/Info.plist";
				LD_RUNPATH_SEARCH_PATHS = (
					"$(inherited)",
					"@executable_path/Frameworks",
					"@executable_path/../../Frameworks",
				);
				PRODUCT_BUNDLE_IDENTIFIER = "Citryne.Power-Up.watchkitapp.watchkitextension";
				PRODUCT_NAME = "${TARGET_NAME}";
				SDKROOT = watchos;
				SKIP_INSTALL = YES;
				SWIFT_VERSION = 5.0;
				TARGETED_DEVICE_FAMILY = 4;
				VALIDATE_PRODUCT = YES;
				WATCHOS_DEPLOYMENT_TARGET = 7.2;
			};
			name = Release;
		};
		7A0FA43026DE5167002729A4 /* Debug */ = {
			isa = XCBuildConfiguration;
			buildSettings = {
				ALWAYS_EMBED_SWIFT_STANDARD_LIBRARIES = YES;
				ASSETCATALOG_COMPILER_APPICON_NAME = AppIcon;
				ASSETCATALOG_COMPILER_GLOBAL_ACCENT_COLOR_NAME = AccentColor;
				CODE_SIGN_STYLE = Automatic;
				DEVELOPMENT_TEAM = 5FH5GM8VG4;
				IBSC_MODULE = Power_Up_WatchKit_Extension;
				INFOPLIST_FILE = "Power-Up WatchKit App/Info.plist";
				PRODUCT_BUNDLE_IDENTIFIER = "Citryne.Power-Up.watchkitapp";
				PRODUCT_NAME = "$(TARGET_NAME)";
				SDKROOT = watchos;
				SKIP_INSTALL = YES;
				SWIFT_VERSION = 5.0;
				TARGETED_DEVICE_FAMILY = 4;
				WATCHOS_DEPLOYMENT_TARGET = 7.2;
			};
			name = Debug;
		};
		7A0FA43126DE5167002729A4 /* Release */ = {
			isa = XCBuildConfiguration;
			buildSettings = {
				ALWAYS_EMBED_SWIFT_STANDARD_LIBRARIES = YES;
				ASSETCATALOG_COMPILER_APPICON_NAME = AppIcon;
				ASSETCATALOG_COMPILER_GLOBAL_ACCENT_COLOR_NAME = AccentColor;
				CODE_SIGN_STYLE = Automatic;
				DEVELOPMENT_TEAM = 5FH5GM8VG4;
				IBSC_MODULE = Power_Up_WatchKit_Extension;
				INFOPLIST_FILE = "Power-Up WatchKit App/Info.plist";
				PRODUCT_BUNDLE_IDENTIFIER = "Citryne.Power-Up.watchkitapp";
				PRODUCT_NAME = "$(TARGET_NAME)";
				SDKROOT = watchos;
				SKIP_INSTALL = YES;
				SWIFT_VERSION = 5.0;
				TARGETED_DEVICE_FAMILY = 4;
				VALIDATE_PRODUCT = YES;
				WATCHOS_DEPLOYMENT_TARGET = 7.2;
			};
			name = Release;
		};
		7A0FA43426DE5167002729A4 /* Debug */ = {
			isa = XCBuildConfiguration;
			buildSettings = {
				ASSETCATALOG_COMPILER_APPICON_NAME = AppIcon;
				ASSETCATALOG_COMPILER_GLOBAL_ACCENT_COLOR_NAME = AccentColor;
				CODE_SIGN_STYLE = Automatic;
				DEVELOPMENT_ASSET_PATHS = "\"Power-Up/Preview Content\"";
				DEVELOPMENT_TEAM = 5FH5GM8VG4;
				ENABLE_PREVIEWS = YES;
				INFOPLIST_FILE = "Power-Up/Info.plist";
				IPHONEOS_DEPLOYMENT_TARGET = 14.4;
				LD_RUNPATH_SEARCH_PATHS = (
					"$(inherited)",
					"@executable_path/Frameworks",
				);
				PRODUCT_BUNDLE_IDENTIFIER = "Citryne.Power-Up";
				PRODUCT_NAME = "$(TARGET_NAME)";
				SDKROOT = iphoneos;
				SWIFT_VERSION = 5.0;
				TARGETED_DEVICE_FAMILY = "1,2";
			};
			name = Debug;
		};
		7A0FA43526DE5167002729A4 /* Release */ = {
			isa = XCBuildConfiguration;
			buildSettings = {
				ASSETCATALOG_COMPILER_APPICON_NAME = AppIcon;
				ASSETCATALOG_COMPILER_GLOBAL_ACCENT_COLOR_NAME = AccentColor;
				CODE_SIGN_STYLE = Automatic;
				DEVELOPMENT_ASSET_PATHS = "\"Power-Up/Preview Content\"";
				DEVELOPMENT_TEAM = 5FH5GM8VG4;
				ENABLE_PREVIEWS = YES;
				INFOPLIST_FILE = "Power-Up/Info.plist";
				IPHONEOS_DEPLOYMENT_TARGET = 14.4;
				LD_RUNPATH_SEARCH_PATHS = (
					"$(inherited)",
					"@executable_path/Frameworks",
				);
				PRODUCT_BUNDLE_IDENTIFIER = "Citryne.Power-Up";
				PRODUCT_NAME = "$(TARGET_NAME)";
				SDKROOT = iphoneos;
				SWIFT_VERSION = 5.0;
				TARGETED_DEVICE_FAMILY = "1,2";
				VALIDATE_PRODUCT = YES;
			};
			name = Release;
		};
		7A0FA43726DE5167002729A4 /* Debug */ = {
			isa = XCBuildConfiguration;
			buildSettings = {
				ALWAYS_EMBED_SWIFT_STANDARD_LIBRARIES = YES;
				BUNDLE_LOADER = "$(TEST_HOST)";
				CODE_SIGN_STYLE = Automatic;
				DEVELOPMENT_TEAM = 5FH5GM8VG4;
				INFOPLIST_FILE = "Power-UpTests/Info.plist";
				IPHONEOS_DEPLOYMENT_TARGET = 14.4;
				LD_RUNPATH_SEARCH_PATHS = (
					"$(inherited)",
					"@executable_path/Frameworks",
					"@loader_path/Frameworks",
				);
				PRODUCT_BUNDLE_IDENTIFIER = "Citryne.Power-UpTests";
				PRODUCT_NAME = "$(TARGET_NAME)";
				SDKROOT = iphoneos;
				SWIFT_VERSION = 5.0;
				TARGETED_DEVICE_FAMILY = "1,2";
				TEST_HOST = "$(BUILT_PRODUCTS_DIR)/Power-Up.app/Power-Up";
			};
			name = Debug;
		};
		7A0FA43826DE5167002729A4 /* Release */ = {
			isa = XCBuildConfiguration;
			buildSettings = {
				ALWAYS_EMBED_SWIFT_STANDARD_LIBRARIES = YES;
				BUNDLE_LOADER = "$(TEST_HOST)";
				CODE_SIGN_STYLE = Automatic;
				DEVELOPMENT_TEAM = 5FH5GM8VG4;
				INFOPLIST_FILE = "Power-UpTests/Info.plist";
				IPHONEOS_DEPLOYMENT_TARGET = 14.4;
				LD_RUNPATH_SEARCH_PATHS = (
					"$(inherited)",
					"@executable_path/Frameworks",
					"@loader_path/Frameworks",
				);
				PRODUCT_BUNDLE_IDENTIFIER = "Citryne.Power-UpTests";
				PRODUCT_NAME = "$(TARGET_NAME)";
				SDKROOT = iphoneos;
				SWIFT_VERSION = 5.0;
				TARGETED_DEVICE_FAMILY = "1,2";
				TEST_HOST = "$(BUILT_PRODUCTS_DIR)/Power-Up.app/Power-Up";
				VALIDATE_PRODUCT = YES;
			};
			name = Release;
		};
		7A0FA43A26DE5167002729A4 /* Debug */ = {
			isa = XCBuildConfiguration;
			buildSettings = {
				ALWAYS_EMBED_SWIFT_STANDARD_LIBRARIES = YES;
				CODE_SIGN_STYLE = Automatic;
				DEVELOPMENT_TEAM = 5FH5GM8VG4;
				INFOPLIST_FILE = "Power-UpUITests/Info.plist";
				IPHONEOS_DEPLOYMENT_TARGET = 14.4;
				LD_RUNPATH_SEARCH_PATHS = (
					"$(inherited)",
					"@executable_path/Frameworks",
					"@loader_path/Frameworks",
				);
				PRODUCT_BUNDLE_IDENTIFIER = "Citryne.Power-UpUITests";
				PRODUCT_NAME = "$(TARGET_NAME)";
				SDKROOT = iphoneos;
				SWIFT_VERSION = 5.0;
				TARGETED_DEVICE_FAMILY = "1,2";
				TEST_TARGET_NAME = "Power-Up";
			};
			name = Debug;
		};
		7A0FA43B26DE5167002729A4 /* Release */ = {
			isa = XCBuildConfiguration;
			buildSettings = {
				ALWAYS_EMBED_SWIFT_STANDARD_LIBRARIES = YES;
				CODE_SIGN_STYLE = Automatic;
				DEVELOPMENT_TEAM = 5FH5GM8VG4;
				INFOPLIST_FILE = "Power-UpUITests/Info.plist";
				IPHONEOS_DEPLOYMENT_TARGET = 14.4;
				LD_RUNPATH_SEARCH_PATHS = (
					"$(inherited)",
					"@executable_path/Frameworks",
					"@loader_path/Frameworks",
				);
				PRODUCT_BUNDLE_IDENTIFIER = "Citryne.Power-UpUITests";
				PRODUCT_NAME = "$(TARGET_NAME)";
				SDKROOT = iphoneos;
				SWIFT_VERSION = 5.0;
				TARGETED_DEVICE_FAMILY = "1,2";
				TEST_TARGET_NAME = "Power-Up";
				VALIDATE_PRODUCT = YES;
			};
			name = Release;
		};
/* End XCBuildConfiguration section */

/* Begin XCConfigurationList section */
		7A0FA3DD26DE5164002729A4 /* Build configuration list for PBXProject "Power-Up" */ = {
			isa = XCConfigurationList;
			buildConfigurations = (
				7A0FA42926DE5167002729A4 /* Debug */,
				7A0FA42A26DE5167002729A4 /* Release */,
			);
			defaultConfigurationIsVisible = 0;
			defaultConfigurationName = Release;
		};
		7A0FA42B26DE5167002729A4 /* Build configuration list for PBXNativeTarget "Power-Up WatchKit Extension" */ = {
			isa = XCConfigurationList;
			buildConfigurations = (
				7A0FA42C26DE5167002729A4 /* Debug */,
				7A0FA42D26DE5167002729A4 /* Release */,
			);
			defaultConfigurationIsVisible = 0;
			defaultConfigurationName = Release;
		};
		7A0FA42F26DE5167002729A4 /* Build configuration list for PBXNativeTarget "Power-Up WatchKit App" */ = {
			isa = XCConfigurationList;
			buildConfigurations = (
				7A0FA43026DE5167002729A4 /* Debug */,
				7A0FA43126DE5167002729A4 /* Release */,
			);
			defaultConfigurationIsVisible = 0;
			defaultConfigurationName = Release;
		};
		7A0FA43326DE5167002729A4 /* Build configuration list for PBXNativeTarget "Power-Up" */ = {
			isa = XCConfigurationList;
			buildConfigurations = (
				7A0FA43426DE5167002729A4 /* Debug */,
				7A0FA43526DE5167002729A4 /* Release */,
			);
			defaultConfigurationIsVisible = 0;
			defaultConfigurationName = Release;
		};
		7A0FA43626DE5167002729A4 /* Build configuration list for PBXNativeTarget "Power-UpTests" */ = {
			isa = XCConfigurationList;
			buildConfigurations = (
				7A0FA43726DE5167002729A4 /* Debug */,
				7A0FA43826DE5167002729A4 /* Release */,
			);
			defaultConfigurationIsVisible = 0;
			defaultConfigurationName = Release;
		};
		7A0FA43926DE5167002729A4 /* Build configuration list for PBXNativeTarget "Power-UpUITests" */ = {
			isa = XCConfigurationList;
			buildConfigurations = (
				7A0FA43A26DE5167002729A4 /* Debug */,
				7A0FA43B26DE5167002729A4 /* Release */,
			);
			defaultConfigurationIsVisible = 0;
			defaultConfigurationName = Release;
		};
/* End XCConfigurationList section */
	};
	rootObject = 7A0FA3DA26DE5164002729A4 /* Project object */;
}
